# Crux harness lockfile - frozen snapshot of the dev harness at gate 5 close.
# Generated by Phase 8 manual rehearsal (proto-Gate-5). Future Gate 5 implementation
# will produce this artifact automatically. Treat like a package lockfile: commit it,
# review changes carefully, regenerate only on intentional re-install.

generated_at: 2026-05-05T00:00:00Z
gate: 5
crux_mode: compressed                                                # per ADR-CRUX-006 + stack.yaml
stack_manifest_hash: sha256:0fef018f4f341e1fda119242f84a9c3cefe8c9853b80292caca5c83d5f99833b
hooks_config_hash: sha256:92d56ca932b79274bb416fad818806e572efc165e1138816d590f1b0f7b57f3c

skills:
  - name: accessibility
    origin: ecc
    source_kind: skill
    source_hash: sha256:cd5161ec5a690cec
    capabilities: [design.a11y, design.wcag-aa]
    anchored_by: design-reviewer
  - name: architecture-decision-records
    origin: ecc
    source_kind: skill
    source_hash: sha256:29e1d0ce301f9de2
    capabilities: [process.adr-authoring]
    anchored_by: architect
  - name: code-review
    origin: ecc
    source_kind: command
    source_hash: sha256:df1c16640a9d5dc5
    capabilities: [quality.code-review]
    anchored_by: reviewer
  - name: diagnose
    origin: pocock
    source_kind: skill
    source_hash: sha256:27e2916ae8b6479d
    capabilities: [process.diagnostic-loop, quality.root-cause-analysis]
    anchored_by: null
  - name: documentation-lookup
    origin: ecc
    source_kind: skill
    source_hash: sha256:a7d424683218e959
    capabilities: [process.docs-lookup]
    anchored_by: null
  - name: e2e-testing
    origin: ecc
    source_kind: skill
    source_hash: sha256:cdac29767e1c94f4
    capabilities: [testing.e2e, testing.playwright]
    anchored_by: null
    note: "skill installed but not actively wired at v1.0 - audit-site Astro deferred per REQ-CRUX-019; reactivate at v1.1 when audit-site lands"
  - name: git-workflow
    origin: ecc
    source_kind: skill
    source_hash: sha256:22f5e1d34183833a
    capabilities: [process.git-workflow]
    anchored_by: null
  - name: grill-me
    origin: pocock
    source_kind: skill
    source_hash: sha256:77467b43fd7cf2ef
    capabilities: [process.adversarial-grill, process.assumption-surfacing]
    anchored_by: grill-interviewer
  - name: grill-with-docs
    origin: pocock
    source_kind: skill
    source_hash: sha256:6304c6d9c9694205
    capabilities: [process.adversarial-grill, process.docs-grounded-grill]
    anchored_by: grill-interviewer
  - name: hexagonal-architecture
    origin: ecc
    source_kind: skill
    source_hash: sha256:612a85b1eb47cdbf
    capabilities: [process.hex-architecture]
    anchored_by: null
  - name: silent-failure-hunter
    origin: ecc
    source_kind: agent
    source_hash: sha256:1a42905f6e28c51f
    capabilities: [quality.silent-failure-detection]
    anchored_by: reviewer
  - name: tdd-workflow
    origin: ecc
    source_kind: skill
    source_hash: sha256:0dbe3d6978d31ce9
    capabilities: [testing.tdd-loop, quality.coverage-floor]
    anchored_by: test-writer
  - name: update-codemaps
    origin: ecc
    source_kind: command
    source_hash: sha256:d2f610d6ed49abbd
    capabilities: [process.codemap-maintenance]
    anchored_by: null
  - name: verification-loop
    origin: ecc
    source_kind: skill
    source_hash: sha256:5913f4d63504dd13
    capabilities: [quality.verification-loop]
    anchored_by: amendment-writer
  - name: zoom-out
    origin: pocock
    source_kind: skill
    source_hash: sha256:8418a6e3abf07073
    capabilities: [process.context-reframing]
    anchored_by: null

rules:
  # rules imported via the .claude/rules/ecc/ tree (user's global instructions);
  # not copied into the project repo at v1.0 - they live in the user's home dir.
  - source: '~/.claude/rules/ecc/common/'
    note: 'Loaded as user-private global instructions; not project-local'
  - source: '~/.claude/rules/ecc/web/'
    note: 'Web-specific rules; loaded for UI work when design_gate_enabled per REQ-CRUX-015'

ci_templates:
  - path: .github/workflows/ci.yml
    hash: sha256:281f87a55cbc5c57
    purpose: 'format + lint + typecheck + test on every PR; pinned pnpm 10.33.2 + Node 20'
  - path: .github/workflows/trace-lint.yml
    hash: sha256:a0a03ce601fc6d37
    purpose: 'daily orphan check via scripts/check-orphans.sh; runs Python 3.12 + PyYAML'

ci_templates_skipped:
  - path: .github/workflows/audit-site-deploy.yml
    reason: 'audit-site Astro app deferred to v1.1+ per REQ-CRUX-019 + GRILL-CRUX-015'

verification:
  format_check: pass            # `pnpm format:check` exits 0 across all non-ignored files
  lint_check: pass              # `pnpm lint` exits 0 (eslint 9 flat config)
  typecheck: pass               # `pnpm tsc --noEmit -p tsconfig.json` exits 0 (empty include set at v1.0)
  test_runner_empty: pass       # `pnpm test` (vitest --passWithNoTests) exits 0 with no test files
  skill_discovery: pass         # 15 skills resolved under .claude/skills/
  hook_fire: pass               # 4 of 4 hooks (2 PostToolUse + 1 PreToolUse + 1 Stop) parse and bind to skills

conflicts_unresolved: []        # 0 hook collisions detected; the two PostToolUse hooks at matcher Write|Edit
                                # both carry explicit priority fields per ADR-CRUX-008

# Tooling installed (pinned via package.json devDependencies; locked via pnpm-lock.yaml)
installed_versions:
  pnpm: 10.33.2                 # pinned via package.json packageManager
  typescript: 5.9.3             # actual; pinned ^5.6.3 in package.json
  vitest: 2.1.9                 # actual; pinned ^2.1.4 in package.json
  eslint: 9.39.4                # actual; pinned ^9.13.0 in package.json
  prettier: 3.8.3               # actual; pinned ^3.3.3 in package.json
  '@typescript-eslint/parser': 8.59.2
  '@typescript-eslint/eslint-plugin': 8.59.2

# v1.0 explicitly NOT installed (deferred per REQ-CRUX-019 + GRILL-CRUX-001):
not_installed:
  - playwright                  # no e2e at v1.0 (audit-site deferred)
  - astro                       # audit-site Astro deferred to v1.1+
  - storybook                   # audit-site only; deferred
  - chromatic                   # audit-site visual regression; deferred
